
Microsoft Visual Studio Solution File, Format Version 12.00
# Visual Studio Version 17
VisualStudioVersion = 17.5.33424.131
MinimumVisualStudioVersion = 10.0.40219.1
Project("{FAE04EC0-301F-11D3-BF4B-00C04F79EFBC}") = "BlogDataLibrary", "BlogDataLibrary\BlogDataLibrary.csproj", "{985F97B6-A271-4D13-8175-8612EA53CAFD}"
EndProject
Project("{00D1A9C2-B5F0-4AF3-8072-F6C62B433612}") = "DatuBlogDB", "DatuBlogDB\DatuBlogDB.sqlproj", "{D4E10D83-C5BC-4A24-A60A-9D2C42847A4A}"
EndProject
Project("{FAE04EC0-301F-11D3-BF4B-00C04F79EFBC}") = "BlogTestUI", "BlogTestUI\BlogTestUI.csproj", "{0878739E-4E89-4D9D-B5B1-F05F14223FC8}"
EndProject
Global
	GlobalSection(SolutionConfigurationPlatforms) = preSolution
		Debug|Any CPU = Debug|Any CPU
		Release|Any CPU = Release|Any CPU
	EndGlobalSection
	GlobalSection(ProjectConfigurationPlatforms) = postSolution
		{985F97B6-A271-4D13-8175-8612EA53CAFD}.Debug|Any CPU.ActiveCfg = Debug|Any CPU
		{985F97B6-A271-4D13-8175-8612EA53CAFD}.Debug|Any CPU.Build.0 = Debug|Any CPU
		{985F97B6-A271-4D13-8175-8612EA53CAFD}.Release|Any CPU.ActiveCfg = Release|Any CPU
		{985F97B6-A271-4D13-8175-8612EA53CAFD}.Release|Any CPU.Build.0 = Release|Any CPU
		{D4E10D83-C5BC-4A24-A60A-9D2C42847A4A}.Debug|Any CPU.ActiveCfg = Debug|Any CPU
		{D4E10D83-C5BC-4A24-A60A-9D2C42847A4A}.Debug|Any CPU.Build.0 = Debug|Any CPU
		{D4E10D83-C5BC-4A24-A60A-9D2C42847A4A}.Debug|Any CPU.Deploy.0 = Debug|Any CPU
		{D4E10D83-C5BC-4A24-A60A-9D2C42847A4A}.Release|Any CPU.ActiveCfg = Release|Any CPU
		{D4E10D83-C5BC-4A24-A60A-9D2C42847A4A}.Release|Any CPU.Build.0 = Release|Any CPU
		{D4E10D83-C5BC-4A24-A60A-9D2C42847A4A}.Release|Any CPU.Deploy.0 = Release|Any CPU
		{0878739E-4E89-4D9D-B5B1-F05F14223FC8}.Debug|Any CPU.ActiveCfg = Debug|Any CPU
		{0878739E-4E89-4D9D-B5B1-F05F14223FC8}.Debug|Any CPU.Build.0 = Debug|Any CPU
		{0878739E-4E89-4D9D-B5B1-F05F14223FC8}.Release|Any CPU.ActiveCfg = Release|Any CPU
		{0878739E-4E89-4D9D-B5B1-F05F14223FC8}.Release|Any CPU.Build.0 = Release|Any CPU
	EndGlobalSection
	GlobalSection(SolutionProperties) = preSolution
		HideSolutionNode = FALSE
	EndGlobalSection
	GlobalSection(ExtensibilityGlobals) = postSolution
		SolutionGuid = {E0147043-83EC-44BE-8681-2B51C238EFA6}
	EndGlobalSection
EndGlobal
